// !$*UTF8*$!
{
	archiveVersion = 1;
	classes = {
	};
	objectVersion = 50;
	objects = {

/* Begin PBXBuildFile section */
		102090E7262A743400C4DB4C /* AppDelegate.swift in Sources */ = {isa = PBXBuildFile; fileRef = 102090E6262A743400C4DB4C /* AppDelegate.swift */; };
		102090E9262A743400C4DB4C /* SceneDelegate.swift in Sources */ = {isa = PBXBuildFile; fileRef = 102090E8262A743400C4DB4C /* SceneDelegate.swift */; };
		102090EE262A743400C4DB4C /* Main.storyboard in Resources */ = {isa = PBXBuildFile; fileRef = 102090EC262A743400C4DB4C /* Main.storyboard */; };
		102090F1262A743400C4DB4C /* MultiThreading101.xcdatamodeld in Sources */ = {isa = PBXBuildFile; fileRef = 102090EF262A743400C4DB4C /* MultiThreading101.xcdatamodeld */; };
		102090F3262A743500C4DB4C /* Assets.xcassets in Resources */ = {isa = PBXBuildFile; fileRef = 102090F2262A743500C4DB4C /* Assets.xcassets */; };
		102090F6262A743500C4DB4C /* LaunchScreen.storyboard in Resources */ = {isa = PBXBuildFile; fileRef = 102090F4262A743500C4DB4C /* LaunchScreen.storyboard */; };
		10209101262A743500C4DB4C /* MultiThreading101Tests.swift in Sources */ = {isa = PBXBuildFile; fileRef = 10209100262A743500C4DB4C /* MultiThreading101Tests.swift */; };
		1020910C262A743500C4DB4C /* MultiThreading101UITests.swift in Sources */ = {isa = PBXBuildFile; fileRef = 1020910B262A743500C4DB4C /* MultiThreading101UITests.swift */; };
		1020912D262A762500C4DB4C /* MainViewController.swift in Sources */ = {isa = PBXBuildFile; fileRef = 1020912C262A762500C4DB4C /* MainViewController.swift */; };
		10209132262A791C00C4DB4C /* MainViewController+CreateElements.swift in Sources */ = {isa = PBXBuildFile; fileRef = 10209131262A791C00C4DB4C /* MainViewController+CreateElements.swift */; };
		10209140262A7A9F00C4DB4C /* MainVSBackgroundThreadViewController.swift in Sources */ = {isa = PBXBuildFile; fileRef = 1020913F262A7A9F00C4DB4C /* MainVSBackgroundThreadViewController.swift */; };
		10209145262A7C6400C4DB4C /* MainVSBackgroundThreadViewConstructor.swift in Sources */ = {isa = PBXBuildFile; fileRef = 10209144262A7C6400C4DB4C /* MainVSBackgroundThreadViewConstructor.swift */; };
		10209157262AB24D00C4DB4C /* DispatchWorkItemViewController.swift in Sources */ = {isa = PBXBuildFile; fileRef = 10209156262AB24D00C4DB4C /* DispatchWorkItemViewController.swift */; };
		1020915C262AB25E00C4DB4C /* DispatchWorkItemViewConstructor.swift in Sources */ = {isa = PBXBuildFile; fileRef = 1020915B262AB25E00C4DB4C /* DispatchWorkItemViewConstructor.swift */; };
		104A1FCE262ACA030040D704 /* SwiftGCDViewController.swift in Sources */ = {isa = PBXBuildFile; fileRef = 104A1FCD262ACA030040D704 /* SwiftGCDViewController.swift */; };
		104A1FD3262ACA0B0040D704 /* SwiftGCDViewConstructor.swift in Sources */ = {isa = PBXBuildFile; fileRef = 104A1FD2262ACA0B0040D704 /* SwiftGCDViewConstructor.swift */; };
		104A1FDC262AD4320040D704 /* GroupQueueViewController.swift in Sources */ = {isa = PBXBuildFile; fileRef = 104A1FDB262AD4320040D704 /* GroupQueueViewController.swift */; };
		104A1FE1262AD4780040D704 /* GroupQueueViewConstructor.swift in Sources */ = {isa = PBXBuildFile; fileRef = 104A1FE0262AD4780040D704 /* GroupQueueViewConstructor.swift */; };
/* End PBXBuildFile section */

/* Begin PBXContainerItemProxy section */
		102090FD262A743500C4DB4C /* PBXContainerItemProxy */ = {
			isa = PBXContainerItemProxy;
			containerPortal = 102090DB262A743400C4DB4C /* Project object */;
			proxyType = 1;
			remoteGlobalIDString = 102090E2262A743400C4DB4C;
			remoteInfo = MultiThreading101;
		};
		10209108262A743500C4DB4C /* PBXContainerItemProxy */ = {
			isa = PBXContainerItemProxy;
			containerPortal = 102090DB262A743400C4DB4C /* Project object */;
			proxyType = 1;
			remoteGlobalIDString = 102090E2262A743400C4DB4C;
			remoteInfo = MultiThreading101;
		};
/* End PBXContainerItemProxy section */

/* Begin PBXFileReference section */
		102090E3262A743400C4DB4C /* MultiThreading101.app */ = {isa = PBXFileReference; explicitFileType = wrapper.application; includeInIndex = 0; path = MultiThreading101.app; sourceTree = BUILT_PRODUCTS_DIR; };
		102090E6262A743400C4DB4C /* AppDelegate.swift */ = {isa = PBXFileReference; lastKnownFileType = sourcecode.swift; path = AppDelegate.swift; sourceTree = "<group>"; };
		102090E8262A743400C4DB4C /* SceneDelegate.swift */ = {isa = PBXFileReference; lastKnownFileType = sourcecode.swift; path = SceneDelegate.swift; sourceTree = "<group>"; };
		102090ED262A743400C4DB4C /* Base */ = {isa = PBXFileReference; lastKnownFileType = file.storyboard; name = Base; path = Base.lproj/Main.storyboard; sourceTree = "<group>"; };
		102090F0262A743400C4DB4C /* MultiThreading101.xcdatamodel */ = {isa = PBXFileReference; lastKnownFileType = wrapper.xcdatamodel; path = MultiThreading101.xcdatamodel; sourceTree = "<group>"; };
		102090F2262A743500C4DB4C /* Assets.xcassets */ = {isa = PBXFileReference; lastKnownFileType = folder.assetcatalog; path = Assets.xcassets; sourceTree = "<group>"; };
		102090F5262A743500C4DB4C /* Base */ = {isa = PBXFileReference; lastKnownFileType = file.storyboard; name = Base; path = Base.lproj/LaunchScreen.storyboard; sourceTree = "<group>"; };
		102090F7262A743500C4DB4C /* Info.plist */ = {isa = PBXFileReference; lastKnownFileType = text.plist.xml; path = Info.plist; sourceTree = "<group>"; };
		102090FC262A743500C4DB4C /* MultiThreading101Tests.xctest */ = {isa = PBXFileReference; explicitFileType = wrapper.cfbundle; includeInIndex = 0; path = MultiThreading101Tests.xctest; sourceTree = BUILT_PRODUCTS_DIR; };
		10209100262A743500C4DB4C /* MultiThreading101Tests.swift */ = {isa = PBXFileReference; lastKnownFileType = sourcecode.swift; path = MultiThreading101Tests.swift; sourceTree = "<group>"; };
		10209102262A743500C4DB4C /* Info.plist */ = {isa = PBXFileReference; lastKnownFileType = text.plist.xml; path = Info.plist; sourceTree = "<group>"; };
		10209107262A743500C4DB4C /* MultiThreading101UITests.xctest */ = {isa = PBXFileReference; explicitFileType = wrapper.cfbundle; includeInIndex = 0; path = MultiThreading101UITests.xctest; sourceTree = BUILT_PRODUCTS_DIR; };
		1020910B262A743500C4DB4C /* MultiThreading101UITests.swift */ = {isa = PBXFileReference; lastKnownFileType = sourcecode.swift; path = MultiThreading101UITests.swift; sourceTree = "<group>"; };
		1020910D262A743500C4DB4C /* Info.plist */ = {isa = PBXFileReference; lastKnownFileType = text.plist.xml; path = Info.plist; sourceTree = "<group>"; };
		1020912C262A762500C4DB4C /* MainViewController.swift */ = {isa = PBXFileReference; lastKnownFileType = sourcecode.swift; path = MainViewController.swift; sourceTree = "<group>"; };
		10209131262A791C00C4DB4C /* MainViewController+CreateElements.swift */ = {isa = PBXFileReference; lastKnownFileType = sourcecode.swift; path = "MainViewController+CreateElements.swift"; sourceTree = "<group>"; };
		1020913F262A7A9F00C4DB4C /* MainVSBackgroundThreadViewController.swift */ = {isa = PBXFileReference; lastKnownFileType = sourcecode.swift; path = MainVSBackgroundThreadViewController.swift; sourceTree = "<group>"; };
		10209144262A7C6400C4DB4C /* MainVSBackgroundThreadViewConstructor.swift */ = {isa = PBXFileReference; lastKnownFileType = sourcecode.swift; path = MainVSBackgroundThreadViewConstructor.swift; sourceTree = "<group>"; };
		10209156262AB24D00C4DB4C /* DispatchWorkItemViewController.swift */ = {isa = PBXFileReference; lastKnownFileType = sourcecode.swift; path = DispatchWorkItemViewController.swift; sourceTree = "<group>"; };
		1020915B262AB25E00C4DB4C /* DispatchWorkItemViewConstructor.swift */ = {isa = PBXFileReference; lastKnownFileType = sourcecode.swift; path = DispatchWorkItemViewConstructor.swift; sourceTree = "<group>"; };
		104A1FCD262ACA030040D704 /* SwiftGCDViewController.swift */ = {isa = PBXFileReference; lastKnownFileType = sourcecode.swift; path = SwiftGCDViewController.swift; sourceTree = "<group>"; };
		104A1FD2262ACA0B0040D704 /* SwiftGCDViewConstructor.swift */ = {isa = PBXFileReference; lastKnownFileType = sourcecode.swift; path = SwiftGCDViewConstructor.swift; sourceTree = "<group>"; };
		104A1FDB262AD4320040D704 /* GroupQueueViewController.swift */ = {isa = PBXFileReference; lastKnownFileType = sourcecode.swift; path = GroupQueueViewController.swift; sourceTree = "<group>"; };
		104A1FE0262AD4780040D704 /* GroupQueueViewConstructor.swift */ = {isa = PBXFileReference; lastKnownFileType = sourcecode.swift; path = GroupQueueViewConstructor.swift; sourceTree = "<group>"; };
/* End PBXFileReference section */

/* Begin PBXFrameworksBuildPhase section */
		102090E0262A743400C4DB4C /* Frameworks */ = {
			isa = PBXFrameworksBuildPhase;
			buildActionMask = 2147483647;
			files = (
			);
			runOnlyForDeploymentPostprocessing = 0;
		};
		102090F9262A743500C4DB4C /* Frameworks */ = {
			isa = PBXFrameworksBuildPhase;
			buildActionMask = 2147483647;
			files = (
			);
			runOnlyForDeploymentPostprocessing = 0;
		};
		10209104262A743500C4DB4C /* Frameworks */ = {
			isa = PBXFrameworksBuildPhase;
			buildActionMask = 2147483647;
			files = (
			);
			runOnlyForDeploymentPostprocessing = 0;
		};
/* End PBXFrameworksBuildPhase section */

/* Begin PBXGroup section */
		102090DA262A743400C4DB4C = {
			isa = PBXGroup;
			children = (
				102090E5262A743400C4DB4C /* MultiThreading101 */,
				102090FF262A743500C4DB4C /* MultiThreading101Tests */,
				1020910A262A743500C4DB4C /* MultiThreading101UITests */,
				102090E4262A743400C4DB4C /* Products */,
			);
			sourceTree = "<group>";
		};
		102090E4262A743400C4DB4C /* Products */ = {
			isa = PBXGroup;
			children = (
				102090E3262A743400C4DB4C /* MultiThreading101.app */,
				102090FC262A743500C4DB4C /* MultiThreading101Tests.xctest */,
				10209107262A743500C4DB4C /* MultiThreading101UITests.xctest */,
			);
			name = Products;
			sourceTree = "<group>";
		};
		102090E5262A743400C4DB4C /* MultiThreading101 */ = {
			isa = PBXGroup;
			children = (
				1020911C262A744D00C4DB4C /* ApplicationKit */,
				10209128262A760900C4DB4C /* Main */,
				104A1FCC262AC9E80040D704 /* Swift GCD */,
				10209136262A798200C4DB4C /* MainVSBackgroundThread */,
				104A1FDA262AD3F00040D704 /* GroupQueue */,
				10209155262AB23500C4DB4C /* WorkItem */,
				102090F2262A743500C4DB4C /* Assets.xcassets */,
				102090F4262A743500C4DB4C /* LaunchScreen.storyboard */,
				102090F7262A743500C4DB4C /* Info.plist */,
				102090EF262A743400C4DB4C /* MultiThreading101.xcdatamodeld */,
			);
			path = MultiThreading101;
			sourceTree = "<group>";
		};
		102090FF262A743500C4DB4C /* MultiThreading101Tests */ = {
			isa = PBXGroup;
			children = (
				10209100262A743500C4DB4C /* MultiThreading101Tests.swift */,
				10209102262A743500C4DB4C /* Info.plist */,
			);
			path = MultiThreading101Tests;
			sourceTree = "<group>";
		};
		1020910A262A743500C4DB4C /* MultiThreading101UITests */ = {
			isa = PBXGroup;
			children = (
				1020910B262A743500C4DB4C /* MultiThreading101UITests.swift */,
				1020910D262A743500C4DB4C /* Info.plist */,
			);
			path = MultiThreading101UITests;
			sourceTree = "<group>";
		};
		1020911C262A744D00C4DB4C /* ApplicationKit */ = {
			isa = PBXGroup;
			children = (
				102090E6262A743400C4DB4C /* AppDelegate.swift */,
				102090E8262A743400C4DB4C /* SceneDelegate.swift */,
			);
			path = ApplicationKit;
			sourceTree = "<group>";
		};
		10209128262A760900C4DB4C /* Main */ = {
			isa = PBXGroup;
			children = (
				102090EC262A743400C4DB4C /* Main.storyboard */,
				1020912C262A762500C4DB4C /* MainViewController.swift */,
				10209131262A791C00C4DB4C /* MainViewController+CreateElements.swift */,
			);
			path = Main;
			sourceTree = "<group>";
		};
		10209136262A798200C4DB4C /* MainVSBackgroundThread */ = {
			isa = PBXGroup;
			children = (
				10209144262A7C6400C4DB4C /* MainVSBackgroundThreadViewConstructor.swift */,
				1020913F262A7A9F00C4DB4C /* MainVSBackgroundThreadViewController.swift */,
			);
			path = MainVSBackgroundThread;
			sourceTree = "<group>";
		};
		10209155262AB23500C4DB4C /* WorkItem */ = {
			isa = PBXGroup;
			children = (
				1020915B262AB25E00C4DB4C /* DispatchWorkItemViewConstructor.swift */,
				10209156262AB24D00C4DB4C /* DispatchWorkItemViewController.swift */,
			);
			path = WorkItem;
			sourceTree = "<group>";
		};
		104A1FCC262AC9E80040D704 /* Swift GCD */ = {
			isa = PBXGroup;
			children = (
				104A1FD2262ACA0B0040D704 /* SwiftGCDViewConstructor.swift */,
				104A1FCD262ACA030040D704 /* SwiftGCDViewController.swift */,
			);
			path = "Swift GCD";
			sourceTree = "<group>";
		};
		104A1FDA262AD3F00040D704 /* GroupQueue */ = {
			isa = PBXGroup;
			children = (
				104A1FE0262AD4780040D704 /* GroupQueueViewConstructor.swift */,
				104A1FDB262AD4320040D704 /* GroupQueueViewController.swift */,
			);
			path = GroupQueue;
			sourceTree = "<group>";
		};
/* End PBXGroup section */

/* Begin PBXNativeTarget section */
		102090E2262A743400C4DB4C /* MultiThreading101 */ = {
			isa = PBXNativeTarget;
			buildConfigurationList = 10209110262A743500C4DB4C /* Build configuration list for PBXNativeTarget "MultiThreading101" */;
			buildPhases = (
				102090DF262A743400C4DB4C /* Sources */,
				102090E0262A743400C4DB4C /* Frameworks */,
				102090E1262A743400C4DB4C /* Resources */,
			);
			buildRules = (
			);
			dependencies = (
			);
			name = MultiThreading101;
			productName = MultiThreading101;
			productReference = 102090E3262A743400C4DB4C /* MultiThreading101.app */;
			productType = "com.apple.product-type.application";
		};
		102090FB262A743500C4DB4C /* MultiThreading101Tests */ = {
			isa = PBXNativeTarget;
			buildConfigurationList = 10209113262A743500C4DB4C /* Build configuration list for PBXNativeTarget "MultiThreading101Tests" */;
			buildPhases = (
				102090F8262A743500C4DB4C /* Sources */,
				102090F9262A743500C4DB4C /* Frameworks */,
				102090FA262A743500C4DB4C /* Resources */,
			);
			buildRules = (
			);
			dependencies = (
				102090FE262A743500C4DB4C /* PBXTargetDependency */,
			);
			name = MultiThreading101Tests;
			productName = MultiThreading101Tests;
			productReference = 102090FC262A743500C4DB4C /* MultiThreading101Tests.xctest */;
			productType = "com.apple.product-type.bundle.unit-test";
		};
		10209106262A743500C4DB4C /* MultiThreading101UITests */ = {
			isa = PBXNativeTarget;
			buildConfigurationList = 10209116262A743500C4DB4C /* Build configuration list for PBXNativeTarget "MultiThreading101UITests" */;
			buildPhases = (
				10209103262A743500C4DB4C /* Sources */,
				10209104262A743500C4DB4C /* Frameworks */,
				10209105262A743500C4DB4C /* Resources */,
			);
			buildRules = (
			);
			dependencies = (
				10209109262A743500C4DB4C /* PBXTargetDependency */,
			);
			name = MultiThreading101UITests;
			productName = MultiThreading101UITests;
			productReference = 10209107262A743500C4DB4C /* MultiThreading101UITests.xctest */;
			productType = "com.apple.product-type.bundle.ui-testing";
		};
/* End PBXNativeTarget section */

/* Begin PBXProject section */
		102090DB262A743400C4DB4C /* Project object */ = {
			isa = PBXProject;
			attributes = {
				LastSwiftUpdateCheck = 1240;
				LastUpgradeCheck = 1240;
				TargetAttributes = {
					102090E2262A743400C4DB4C = {
						CreatedOnToolsVersion = 12.4;
					};
					102090FB262A743500C4DB4C = {
						CreatedOnToolsVersion = 12.4;
						TestTargetID = 102090E2262A743400C4DB4C;
					};
					10209106262A743500C4DB4C = {
						CreatedOnToolsVersion = 12.4;
						TestTargetID = 102090E2262A743400C4DB4C;
					};
				};
			};
			buildConfigurationList = 102090DE262A743400C4DB4C /* Build configuration list for PBXProject "MultiThreading101" */;
			compatibilityVersion = "Xcode 9.3";
			developmentRegion = en;
			hasScannedForEncodings = 0;
			knownRegions = (
				en,
				Base,
			);
			mainGroup = 102090DA262A743400C4DB4C;
			productRefGroup = 102090E4262A743400C4DB4C /* Products */;
			projectDirPath = "";
			projectRoot = "";
			targets = (
				102090E2262A743400C4DB4C /* MultiThreading101 */,
				102090FB262A743500C4DB4C /* MultiThreading101Tests */,
				10209106262A743500C4DB4C /* MultiThreading101UITests */,
			);
		};
/* End PBXProject section */

/* Begin PBXResourcesBuildPhase section */
		102090E1262A743400C4DB4C /* Resources */ = {
			isa = PBXResourcesBuildPhase;
			buildActionMask = 2147483647;
			files = (
				102090F6262A743500C4DB4C /* LaunchScreen.storyboard in Resources */,
				102090F3262A743500C4DB4C /* Assets.xcassets in Resources */,
				102090EE262A743400C4DB4C /* Main.storyboard in Resources */,
			);
			runOnlyForDeploymentPostprocessing = 0;
		};
		102090FA262A743500C4DB4C /* Resources */ = {
			isa = PBXResourcesBuildPhase;
			buildActionMask = 2147483647;
			files = (
			);
			runOnlyForDeploymentPostprocessing = 0;
		};
		10209105262A743500C4DB4C /* Resources */ = {
			isa = PBXResourcesBuildPhase;
			buildActionMask = 2147483647;
			files = (
			);
			runOnlyForDeploymentPostprocessing = 0;
		};
/* End PBXResourcesBuildPhase section */

/* Begin PBXSourcesBuildPhase section */
		102090DF262A743400C4DB4C /* Sources */ = {
			isa = PBXSourcesBuildPhase;
			buildActionMask = 2147483647;
			files = (
				10209132262A791C00C4DB4C /* MainViewController+CreateElements.swift in Sources */,
				10209145262A7C6400C4DB4C /* MainVSBackgroundThreadViewConstructor.swift in Sources */,
				104A1FDC262AD4320040D704 /* GroupQueueViewController.swift in Sources */,
				102090F1262A743400C4DB4C /* MultiThreading101.xcdatamodeld in Sources */,
				104A1FCE262ACA030040D704 /* SwiftGCDViewController.swift in Sources */,
				10209140262A7A9F00C4DB4C /* MainVSBackgroundThreadViewController.swift in Sources */,
				102090E7262A743400C4DB4C /* AppDelegate.swift in Sources */,
				104A1FE1262AD4780040D704 /* GroupQueueViewConstructor.swift in Sources */,
				102090E9262A743400C4DB4C /* SceneDelegate.swift in Sources */,
				1020915C262AB25E00C4DB4C /* DispatchWorkItemViewConstructor.swift in Sources */,
				10209157262AB24D00C4DB4C /* DispatchWorkItemViewController.swift in Sources */,
				104A1FD3262ACA0B0040D704 /* SwiftGCDViewConstructor.swift in Sources */,
				1020912D262A762500C4DB4C /* MainViewController.swift in Sources */,
			);
			runOnlyForDeploymentPostprocessing = 0;
		};
		102090F8262A743500C4DB4C /* Sources */ = {
			isa = PBXSourcesBuildPhase;
			buildActionMask = 2147483647;
			files = (
				10209101262A743500C4DB4C /* MultiThreading101Tests.swift in Sources */,
			);
			runOnlyForDeploymentPostprocessing = 0;
		};
		10209103262A743500C4DB4C /* Sources */ = {
			isa = PBXSourcesBuildPhase;
			buildActionMask = 2147483647;
			files = (
				1020910C262A743500C4DB4C /* MultiThreading101UITests.swift in Sources */,
			);
			runOnlyForDeploymentPostprocessing = 0;
		};
/* End PBXSourcesBuildPhase section */

/* Begin PBXTargetDependency section */
		102090FE262A743500C4DB4C /* PBXTargetDependency */ = {
			isa = PBXTargetDependency;
			target = 102090E2262A743400C4DB4C /* MultiThreading101 */;
			targetProxy = 102090FD262A743500C4DB4C /* PBXContainerItemProxy */;
		};
		10209109262A743500C4DB4C /* PBXTargetDependency */ = {
			isa = PBXTargetDependency;
			target = 102090E2262A743400C4DB4C /* MultiThreading101 */;
			targetProxy = 10209108262A743500C4DB4C /* PBXContainerItemProxy */;
		};
/* End PBXTargetDependency section */

/* Begin PBXVariantGroup section */
		102090EC262A743400C4DB4C /* Main.storyboard */ = {
			isa = PBXVariantGroup;
			children = (
				102090ED262A743400C4DB4C /* Base */,
			);
			name = Main.storyboard;
			sourceTree = "<group>";
		};
		102090F4262A743500C4DB4C /* LaunchScreen.storyboard */ = {
			isa = PBXVariantGroup;
			children = (
				102090F5262A743500C4DB4C /* Base */,
			);
			name = LaunchScreen.storyboard;
			sourceTree = "<group>";
		};
/* End PBXVariantGroup section */

/* Begin XCBuildConfiguration section */
		1020910E262A743500C4DB4C /* Debug */ = {
			isa = XCBuildConfiguration;
			buildSettings = {
				ALWAYS_SEARCH_USER_PATHS = NO;
				CLANG_ANALYZER_NONNULL = YES;
				CLANG_ANALYZER_NUMBER_OBJECT_CONVERSION = YES_AGGRESSIVE;
				CLANG_CXX_LANGUAGE_STANDARD = "gnu++14";
				CLANG_CXX_LIBRARY = "libc++";
				CLANG_ENABLE_MODULES = YES;
				CLANG_ENABLE_OBJC_ARC = YES;
				CLANG_ENABLE_OBJC_WEAK = YES;
				CLANG_WARN_BLOCK_CAPTURE_AUTORELEASING = YES;
				CLANG_WARN_BOOL_CONVERSION = YES;
				CLANG_WARN_COMMA = YES;
				CLANG_WARN_CONSTANT_CONVERSION = YES;
				CLANG_WARN_DEPRECATED_OBJC_IMPLEMENTATIONS = YES;
				CLANG_WARN_DIRECT_OBJC_ISA_USAGE = YES_ERROR;
				CLANG_WARN_DOCUMENTATION_COMMENTS = YES;
				CLANG_WARN_EMPTY_BODY = YES;
				CLANG_WARN_ENUM_CONVERSION = YES;
				CLANG_WARN_INFINITE_RECURSION = YES;
				CLANG_WARN_INT_CONVERSION = YES;
				CLANG_WARN_NON_LITERAL_NULL_CONVERSION = YES;
				CLANG_WARN_OBJC_IMPLICIT_RETAIN_SELF = YES;
				CLANG_WARN_OBJC_LITERAL_CONVERSION = YES;
				CLANG_WARN_OBJC_ROOT_CLASS = YES_ERROR;
				CLANG_WARN_QUOTED_INCLUDE_IN_FRAMEWORK_HEADER = YES;
				CLANG_WARN_RANGE_LOOP_ANALYSIS = YES;
				CLANG_WARN_STRICT_PROTOTYPES = YES;
				CLANG_WARN_SUSPICIOUS_MOVE = YES;
				CLANG_WARN_UNGUARDED_AVAILABILITY = YES_AGGRESSIVE;
				CLANG_WARN_UNREACHABLE_CODE = YES;
				CLANG_WARN__DUPLICATE_METHOD_MATCH = YES;
				COPY_PHASE_STRIP = NO;
				DEBUG_INFORMATION_FORMAT = dwarf;
				ENABLE_STRICT_OBJC_MSGSEND = YES;
				ENABLE_TESTABILITY = YES;
				GCC_C_LANGUAGE_STANDARD = gnu11;
				GCC_DYNAMIC_NO_PIC = NO;
				GCC_NO_COMMON_BLOCKS = YES;
				GCC_OPTIMIZATION_LEVEL = 0;
				GCC_PREPROCESSOR_DEFINITIONS = (
					"DEBUG=1",
					"$(inherited)",
				);
				GCC_WARN_64_TO_32_BIT_CONVERSION = YES;
				GCC_WARN_ABOUT_RETURN_TYPE = YES_ERROR;
				GCC_WARN_UNDECLARED_SELECTOR = YES;
				GCC_WARN_UNINITIALIZED_AUTOS = YES_AGGRESSIVE;
				GCC_WARN_UNUSED_FUNCTION = YES;
				GCC_WARN_UNUSED_VARIABLE = YES;
				IPHONEOS_DEPLOYMENT_TARGET = 14.4;
				MTL_ENABLE_DEBUG_INFO = INCLUDE_SOURCE;
				MTL_FAST_MATH = YES;
				ONLY_ACTIVE_ARCH = YES;
				SDKROOT = iphoneos;
				SWIFT_ACTIVE_COMPILATION_CONDITIONS = DEBUG;
				SWIFT_OPTIMIZATION_LEVEL = "-Onone";
			};
			name = Debug;
		};
		1020910F262A743500C4DB4C /* Release */ = {
			isa = XCBuildConfiguration;
			buildSettings = {
				ALWAYS_SEARCH_USER_PATHS = NO;
				CLANG_ANALYZER_NONNULL = YES;
				CLANG_ANALYZER_NUMBER_OBJECT_CONVERSION = YES_AGGRESSIVE;
				CLANG_CXX_LANGUAGE_STANDARD = "gnu++14";
				CLANG_CXX_LIBRARY = "libc++";
				CLANG_ENABLE_MODULES = YES;
				CLANG_ENABLE_OBJC_ARC = YES;
				CLANG_ENABLE_OBJC_WEAK = YES;
				CLANG_WARN_BLOCK_CAPTURE_AUTORELEASING = YES;
				CLANG_WARN_BOOL_CONVERSION = YES;
				CLANG_WARN_COMMA = YES;
				CLANG_WARN_CONSTANT_CONVERSION = YES;
				CLANG_WARN_DEPRECATED_OBJC_IMPLEMENTATIONS = YES;
				CLANG_WARN_DIRECT_OBJC_ISA_USAGE = YES_ERROR;
				CLANG_WARN_DOCUMENTATION_COMMENTS = YES;
				CLANG_WARN_EMPTY_BODY = YES;
				CLANG_WARN_ENUM_CONVERSION = YES;
				CLANG_WARN_INFINITE_RECURSION = YES;
				CLANG_WARN_INT_CONVERSION = YES;
				CLANG_WARN_NON_LITERAL_NULL_CONVERSION = YES;
				CLANG_WARN_OBJC_IMPLICIT_RETAIN_SELF = YES;
				CLANG_WARN_OBJC_LITERAL_CONVERSION = YES;
				CLANG_WARN_OBJC_ROOT_CLASS = YES_ERROR;
				CLANG_WARN_QUOTED_INCLUDE_IN_FRAMEWORK_HEADER = YES;
				CLANG_WARN_RANGE_LOOP_ANALYSIS = YES;
				CLANG_WARN_STRICT_PROTOTYPES = YES;
				CLANG_WARN_SUSPICIOUS_MOVE = YES;
				CLANG_WARN_UNGUARDED_AVAILABILITY = YES_AGGRESSIVE;
				CLANG_WARN_UNREACHABLE_CODE = YES;
				CLANG_WARN__DUPLICATE_METHOD_MATCH = YES;
				COPY_PHASE_STRIP = NO;
				DEBUG_INFORMATION_FORMAT = "dwarf-with-dsym";
				ENABLE_NS_ASSERTIONS = NO;
				ENABLE_STRICT_OBJC_MSGSEND = YES;
				GCC_C_LANGUAGE_STANDARD = gnu11;
				GCC_NO_COMMON_BLOCKS = YES;
				GCC_WARN_64_TO_32_BIT_CONVERSION = YES;
				GCC_WARN_ABOUT_RETURN_TYPE = YES_ERROR;
				GCC_WARN_UNDECLARED_SELECTOR = YES;
				GCC_WARN_UNINITIALIZED_AUTOS = YES_AGGRESSIVE;
				GCC_WARN_UNUSED_FUNCTION = YES;
				GCC_WARN_UNUSED_VARIABLE = YES;
				IPHONEOS_DEPLOYMENT_TARGET = 14.4;
				MTL_ENABLE_DEBUG_INFO = NO;
				MTL_FAST_MATH = YES;
				SDKROOT = iphoneos;
				SWIFT_COMPILATION_MODE = wholemodule;
				SWIFT_OPTIMIZATION_LEVEL = "-O";
				VALIDATE_PRODUCT = YES;
			};
			name = Release;
		};
		10209111262A743500C4DB4C /* Debug */ = {
			isa = XCBuildConfiguration;
			buildSettings = {
				ASSETCATALOG_COMPILER_APPICON_NAME = AppIcon;
				ASSETCATALOG_COMPILER_GLOBAL_ACCENT_COLOR_NAME = AccentColor;
				CODE_SIGN_STYLE = Automatic;
				DEVELOPMENT_TEAM = 7TK32MKP4J;
				INFOPLIST_FILE = MultiThreading101/Info.plist;
				LD_RUNPATH_SEARCH_PATHS = (
					"$(inherited)",
					"@executable_path/Frameworks",
				);
				PRODUCT_BUNDLE_IDENTIFIER = com.azisseno.MultiThreading101;
				PRODUCT_NAME = "$(TARGET_NAME)";
				SWIFT_VERSION = 5.0;
				TARGETED_DEVICE_FAMILY = "1,2";
			};
			name = Debug;
		};
		10209112262A743500C4DB4C /* Release */ = {
			isa = XCBuildConfiguration;
			buildSettings = {
				ASSETCATALOG_COMPILER_APPICON_NAME = AppIcon;
				ASSETCATALOG_COMPILER_GLOBAL_ACCENT_COLOR_NAME = AccentColor;
				CODE_SIGN_STYLE = Automatic;
				DEVELOPMENT_TEAM = 7TK32MKP4J;
				INFOPLIST_FILE = MultiThreading101/Info.plist;
				LD_RUNPATH_SEARCH_PATHS = (
					"$(inherited)",
					"@executable_path/Frameworks",
				);
				PRODUCT_BUNDLE_IDENTIFIER = com.azisseno.MultiThreading101;
				PRODUCT_NAME = "$(TARGET_NAME)";
				SWIFT_VERSION = 5.0;
				TARGETED_DEVICE_FAMILY = "1,2";
			};
			name = Release;
		};
		10209114262A743500C4DB4C /* Debug */ = {
			isa = XCBuildConfiguration;
			buildSettings = {
				ALWAYS_EMBED_SWIFT_STANDARD_LIBRARIES = YES;
				BUNDLE_LOADER = "$(TEST_HOST)";
				CODE_SIGN_STYLE = Automatic;
				DEVELOPMENT_TEAM = 7TK32MKP4J;
				INFOPLIST_FILE = MultiThreading101Tests/Info.plist;
				IPHONEOS_DEPLOYMENT_TARGET = 14.4;
				LD_RUNPATH_SEARCH_PATHS = (
					"$(inherited)",
					"@executable_path/Frameworks",
					"@loader_path/Frameworks",
				);
				PRODUCT_BUNDLE_IDENTIFIER = com.azisseno.MultiThreading101Tests;
				PRODUCT_NAME = "$(TARGET_NAME)";
				SWIFT_VERSION = 5.0;
				TARGETED_DEVICE_FAMILY = "1,2";
				TEST_HOST = "$(BUILT_PRODUCTS_DIR)/MultiThreading101.app/MultiThreading101";
			};
			name = Debug;
		};
		10209115262A743500C4DB4C /* Release */ = {
			isa = XCBuildConfiguration;
			buildSettings = {
				ALWAYS_EMBED_SWIFT_STANDARD_LIBRARIES = YES;
				BUNDLE_LOADER = "$(TEST_HOST)";
				CODE_SIGN_STYLE = Automatic;
				DEVELOPMENT_TEAM = 7TK32MKP4J;
				INFOPLIST_FILE = MultiThreading101Tests/Info.plist;
				IPHONEOS_DEPLOYMENT_TARGET = 14.4;
				LD_RUNPATH_SEARCH_PATHS = (
					"$(inherited)",
					"@executable_path/Frameworks",
					"@loader_path/Frameworks",
				);
				PRODUCT_BUNDLE_IDENTIFIER = com.azisseno.MultiThreading101Tests;
				PRODUCT_NAME = "$(TARGET_NAME)";
				SWIFT_VERSION = 5.0;
				TARGETED_DEVICE_FAMILY = "1,2";
				TEST_HOST = "$(BUILT_PRODUCTS_DIR)/MultiThreading101.app/MultiThreading101";
			};
			name = Release;
		};
		10209117262A743500C4DB4C /* Debug */ = {
			isa = XCBuildConfiguration;
			buildSettings = {
				ALWAYS_EMBED_SWIFT_STANDARD_LIBRARIES = YES;
				CODE_SIGN_STYLE = Automatic;
				DEVELOPMENT_TEAM = 7TK32MKP4J;
				INFOPLIST_FILE = MultiThreading101UITests/Info.plist;
				LD_RUNPATH_SEARCH_PATHS = (
					"$(inherited)",
					"@executable_path/Frameworks",
					"@loader_path/Frameworks",
				);
				PRODUCT_BUNDLE_IDENTIFIER = com.azisseno.MultiThreading101UITests;
				PRODUCT_NAME = "$(TARGET_NAME)";
				SWIFT_VERSION = 5.0;
				TARGETED_DEVICE_FAMILY = "1,2";
				TEST_TARGET_NAME = MultiThreading101;
			};
			name = Debug;
		};
		10209118262A743500C4DB4C /* Release */ = {
			isa = XCBuildConfiguration;
			buildSettings = {
				ALWAYS_EMBED_SWIFT_STANDARD_LIBRARIES = YES;
				CODE_SIGN_STYLE = Automatic;
				DEVELOPMENT_TEAM = 7TK32MKP4J;
				INFOPLIST_FILE = MultiThreading101UITests/Info.plist;
				LD_RUNPATH_SEARCH_PATHS = (
					"$(inherited)",
					"@executable_path/Frameworks",
					"@loader_path/Frameworks",
				);
				PRODUCT_BUNDLE_IDENTIFIER = com.azisseno.MultiThreading101UITests;
				PRODUCT_NAME = "$(TARGET_NAME)";
				SWIFT_VERSION = 5.0;
				TARGETED_DEVICE_FAMILY = "1,2";
				TEST_TARGET_NAME = MultiThreading101;
			};
			name = Release;
		};
/* End XCBuildConfiguration section */

/* Begin XCConfigurationList section */
		102090DE262A743400C4DB4C /* Build configuration list for PBXProject "MultiThreading101" */ = {
			isa = XCConfigurationList;
			buildConfigurations = (
				1020910E262A743500C4DB4C /* Debug */,
				1020910F262A743500C4DB4C /* Release */,
			);
			defaultConfigurationIsVisible = 0;
			defaultConfigurationName = Release;
		};
		10209110262A743500C4DB4C /* Build configuration list for PBXNativeTarget "MultiThreading101" */ = {
			isa = XCConfigurationList;
			buildConfigurations = (
				10209111262A743500C4DB4C /* Debug */,
				10209112262A743500C4DB4C /* Release */,
			);
			defaultConfigurationIsVisible = 0;
			defaultConfigurationName = Release;
		};
		10209113262A743500C4DB4C /* Build configuration list for PBXNativeTarget "MultiThreading101Tests" */ = {
			isa = XCConfigurationList;
			buildConfigurations = (
				10209114262A743500C4DB4C /* Debug */,
				10209115262A743500C4DB4C /* Release */,
			);
			defaultConfigurationIsVisible = 0;
			defaultConfigurationName = Release;
		};
		10209116262A743500C4DB4C /* Build configuration list for PBXNativeTarget "MultiThreading101UITests" */ = {
			isa = XCConfigurationList;
			buildConfigurations = (
				10209117262A743500C4DB4C /* Debug */,
				10209118262A743500C4DB4C /* Release */,
			);
			defaultConfigurationIsVisible = 0;
			defaultConfigurationName = Release;
		};
/* End XCConfigurationList section */

/* Begin XCVersionGroup section */
		102090EF262A743400C4DB4C /* MultiThreading101.xcdatamodeld */ = {
			isa = XCVersionGroup;
			children = (
				102090F0262A743400C4DB4C /* MultiThreading101.xcdatamodel */,
			);
			currentVersion = 102090F0262A743400C4DB4C /* MultiThreading101.xcdatamodel */;
			path = MultiThreading101.xcdatamodeld;
			sourceTree = "<group>";
			versionGroupType = wrapper.xcdatamodel;
		};
/* End XCVersionGroup section */
	};
	rootObject = 102090DB262A743400C4DB4C /* Project object */;
}
